
Microsoft Visual Studio Solution File, Format Version 12.00
# Visual Studio Version 17
VisualStudioVersion = 17.9.34723.18
MinimumVisualStudioVersion = 10.0.40219.1
Project("{FAE04EC0-301F-11D3-BF4B-00C04F79EFBC}") = "Fractals", "Fractals\Fractals.csproj", "{088E3DD1-397D-468E-9EE2-C8DE2B623C52}"
EndProject
Project("{FAE04EC0-301F-11D3-BF4B-00C04F79EFBC}") = "Test", "Test\Test.csproj", "{007F8DD3-189D-47D2-99A7-1237F7BC9B8F}"
EndProject
Project("{2150E333-8FDC-42A3-9474-1A3956D46DE8}") = "Solution Items", "Solution Items", "{8B528BC5-64EC-4D34-95E6-EB9B74292E68}"
	ProjectSection(SolutionItems) = preProject
		.editorconfig = .editorconfig
	EndProjectSection
EndProject
Project("{FAE04EC0-301F-11D3-BF4B-00C04F79EFBC}") = "FractalUI", "FractauUI\FractalUI.csproj", "{2D91D3D7-8195-4D32-8B59-54B9A199A61B}"
EndProject
Global
	GlobalSection(SolutionConfigurationPlatforms) = preSolution
		Debug|Any CPU = Debug|Any CPU
		Release|Any CPU = Release|Any CPU
	EndGlobalSection
	GlobalSection(ProjectConfigurationPlatforms) = postSolution
		{088E3DD1-397D-468E-9EE2-C8DE2B623C52}.Debug|Any CPU.ActiveCfg = Debug|Any CPU
		{088E3DD1-397D-468E-9EE2-C8DE2B623C52}.Debug|Any CPU.Build.0 = Debug|Any CPU
		{088E3DD1-397D-468E-9EE2-C8DE2B623C52}.Release|Any CPU.ActiveCfg = Release|Any CPU
		{088E3DD1-397D-468E-9EE2-C8DE2B623C52}.Release|Any CPU.Build.0 = Release|Any CPU
		{007F8DD3-189D-47D2-99A7-1237F7BC9B8F}.Debug|Any CPU.ActiveCfg = Debug|Any CPU
		{007F8DD3-189D-47D2-99A7-1237F7BC9B8F}.Debug|Any CPU.Build.0 = Debug|Any CPU
		{007F8DD3-189D-47D2-99A7-1237F7BC9B8F}.Release|Any CPU.ActiveCfg = Release|Any CPU
		{007F8DD3-189D-47D2-99A7-1237F7BC9B8F}.Release|Any CPU.Build.0 = Release|Any CPU
		{2D91D3D7-8195-4D32-8B59-54B9A199A61B}.Debug|Any CPU.ActiveCfg = Debug|Any CPU
		{2D91D3D7-8195-4D32-8B59-54B9A199A61B}.Debug|Any CPU.Build.0 = Debug|Any CPU
		{2D91D3D7-8195-4D32-8B59-54B9A199A61B}.Release|Any CPU.ActiveCfg = Release|Any CPU
		{2D91D3D7-8195-4D32-8B59-54B9A199A61B}.Release|Any CPU.Build.0 = Release|Any CPU
	EndGlobalSection
	GlobalSection(SolutionProperties) = preSolution
		HideSolutionNode = FALSE
	EndGlobalSection
	GlobalSection(ExtensibilityGlobals) = postSolution
		SolutionGuid = {3ECDED4C-1799-41EF-B81C-A51493D9588C}
	EndGlobalSection
EndGlobal
